
Microsoft Visual Studio Solution File, Format Version 12.00
# Visual Studio Version 17
VisualStudioVersion = 17.2.32630.192
MinimumVisualStudioVersion = 10.0.40219.1
Project("{9A19103F-16F7-4668-BE54-9A1E7A4F7556}") = "MachineLearning", "MachineLearning\MachineLearning.csproj", "{E873031D-C4B3-4A6C-A725-AC32F4A47128}"
EndProject
Project("{9A19103F-16F7-4668-BE54-9A1E7A4F7556}") = "UI_MachineLearning", "UI_MachineLearning\UI_MachineLearning.csproj", "{338F866F-73CA-4D52-8AE5-54CFB673A576}"
EndProject
Global
	GlobalSection(SolutionConfigurationPlatforms) = preSolution
		Debug|Any CPU = Debug|Any CPU
		Release|Any CPU = Release|Any CPU
	EndGlobalSection
	GlobalSection(ProjectConfigurationPlatforms) = postSolution
		{E873031D-C4B3-4A6C-A725-AC32F4A47128}.Debug|Any CPU.ActiveCfg = Debug|Any CPU
		{E873031D-C4B3-4A6C-A725-AC32F4A47128}.Debug|Any CPU.Build.0 = Debug|Any CPU
		{E873031D-C4B3-4A6C-A725-AC32F4A47128}.Release|Any CPU.ActiveCfg = Release|Any CPU
		{E873031D-C4B3-4A6C-A725-AC32F4A47128}.Release|Any CPU.Build.0 = Release|Any CPU
		{338F866F-73CA-4D52-8AE5-54CFB673A576}.Debug|Any CPU.ActiveCfg = Debug|Any CPU
		{338F866F-73CA-4D52-8AE5-54CFB673A576}.Debug|Any CPU.Build.0 = Debug|Any CPU
		{338F866F-73CA-4D52-8AE5-54CFB673A576}.Release|Any CPU.ActiveCfg = Release|Any CPU
		{338F866F-73CA-4D52-8AE5-54CFB673A576}.Release|Any CPU.Build.0 = Release|Any CPU
	EndGlobalSection
	GlobalSection(SolutionProperties) = preSolution
		HideSolutionNode = FALSE
	EndGlobalSection
	GlobalSection(ExtensibilityGlobals) = postSolution
		SolutionGuid = {7D58CB3D-E00E-4862-93F7-3237D80156BF}
	EndGlobalSection
EndGlobal
